
Microsoft Visual Studio Solution File, Format Version 12.00
# Visual Studio Version 17
VisualStudioVersion = 17.4.33213.308
MinimumVisualStudioVersion = 10.0.40219.1
Project("{FAE04EC0-301F-11D3-BF4B-00C04F79EFBC}") = "DegiskenAlistirma", "DegiskenAlistirma\DegiskenAlistirma.csproj", "{231067EE-E6FB-4882-8808-6B59E42573FD}"
EndProject
Global
	GlobalSection(SolutionConfigurationPlatforms) = preSolution
		Debug|Any CPU = Debug|Any CPU
		Release|Any CPU = Release|Any CPU
	EndGlobalSection
	GlobalSection(ProjectConfigurationPlatforms) = postSolution
		{231067EE-E6FB-4882-8808-6B59E42573FD}.Debug|Any CPU.ActiveCfg = Debug|Any CPU
		{231067EE-E6FB-4882-8808-6B59E42573FD}.Debug|Any CPU.Build.0 = Debug|Any CPU
		{231067EE-E6FB-4882-8808-6B59E42573FD}.Release|Any CPU.ActiveCfg = Release|Any CPU
		{231067EE-E6FB-4882-8808-6B59E42573FD}.Release|Any CPU.Build.0 = Release|Any CPU
	EndGlobalSection
	GlobalSection(SolutionProperties) = preSolution
		HideSolutionNode = FALSE
	EndGlobalSection
	GlobalSection(ExtensibilityGlobals) = postSolution
		SolutionGuid = {BE910050-CCFA-4345-A0EB-20BCB267DE1B}
	EndGlobalSection
EndGlobal
